# This file is automatically @generated by Cargo.
# It is not intended for manual editing.
version = 4

[[package]]
name = "bbb-cli"
version = "1.0.0"
dependencies = [
 "bbb-core",
 "bbb-llvm",
 "bbb-syntax",
 "bbb-vm",
]

[[package]]
name = "bbb-core"
version = "1.0.0"

[[package]]
name = "bbb-llvm"
version = "1.0.0"
dependencies = [
 "bbb-syntax",
]

[[package]]
name = "bbb-syntax"
version = "1.0.0"

[[package]]
name = "bbb-vm"
version = "1.0.0"
dependencies = [
 "bbb-core",
 "bbb-syntax",
]

[[package]]
name = "bbb-wasm"
version = "1.0.0"
dependencies = [
 "bbb-syntax",
]
