# This file is automatically @generated by Cargo.
# It is not intended for manual editing.
version = 4

[[package]]
name = "bbb-wasm"
version = "0.4.0"
dependencies = [
 "bio-syntax",
]

[[package]]
name = "bio-cli"
version = "0.4.0"
dependencies = [
 "bio-core",
 "bio-llvm",
 "bio-syntax",
 "bio-vm",
]

[[package]]
name = "bio-core"
version = "0.4.0"

[[package]]
name = "bio-llvm"
version = "0.4.0"
dependencies = [
 "bio-syntax",
]

[[package]]
name = "bio-syntax"
version = "0.4.0"

[[package]]
name = "bio-vm"
version = "0.4.0"
dependencies = [
 "bio-core",
 "bio-syntax",
]
